version = 1
revision = 3
requires-python = ">=3.8.10, <4"

[[package]]
name = "black"
version = "24.3.0"
source = { registry = "https://pypi.org/simple" }
dependencies = [
    { name = "click" },
    { name = "mypy-extensions" },
    { name = "packaging" },
    { name = "pathspec" },
    { name = "platformdirs" },
    { name = "tomli", marker = "python_full_version < '3.11'" },
    { name = "typing-extensions", marker = "python_full_version < '3.11'" },
]
sdist = { url = "https://files.pythonhosted.org/packages/8f/5f/bac24a952668c7482cfdb4ebf91ba57a796c9da8829363a772040c1a3312/black-24.3.0.tar.gz", hash = "sha256:a0c9c4a0771afc6919578cec71ce82a3e31e054904e7197deacbc9382671c41f", size = 634292, upload-time = "2024-03-15T19:35:43.699Z" }
wheels = [
    { url = "https://files.pythonhosted.org/packages/3b/32/1a25d1b83147ca128797a627f429f9dc390eb066805c6aa319bea3ffffa5/black-24.3.0-cp310-cp310-macosx_10_9_x86_64.whl", hash = "sha256:7d5e026f8da0322b5662fa7a8e752b3fa2dac1c1cbc213c3d7ff9bdd0ab12395", size = 1587891, upload-time = "2024-03-15T19:43:32.908Z" },
    { url = "https://files.pythonhosted.org/packages/c4/91/6cb204786acc693edc4bf1b9230ffdc3cbfaeb7cd04d3a12fb4b13882a53/black-24.3.0-cp310-cp310-macosx_11_0_arm64.whl", hash = "sha256:9f50ea1132e2189d8dff0115ab75b65590a3e97de1e143795adb4ce317934995", size = 1434886, upload-time = "2024-03-15T19:41:59.067Z" },
    { url = "https://files.pythonhosted.org/packages/ef/e4/53b5d07117381f7d5e946a54dd4c62617faad90713649619bbc683769dfe/black-24.3.0-cp310-cp310-manylinux_2_17_x86_64.manylinux2014_x86_64.whl", hash = "sha256:e2af80566f43c85f5797365077fb64a393861a3730bd110971ab7a0c94e873e7", size = 1747400, upload-time = "2024-03-15T19:38:22.142Z" },
    { url = "https://files.pythonhosted.org/packages/13/9c/f2e7532d11b05add5ab383a9f90be1a49954bf510803f98064b45b42f98e/black-24.3.0-cp310-cp310-win_amd64.whl", hash = "sha256:4be5bb28e090456adfc1255e03967fb67ca846a03be7aadf6249096100ee32d0", size = 1363816, upload-time = "2024-03-15T19:39:43.559Z" },
    { url = "https://files.pythonhosted.org/packages/68/df/ceea5828be9c4931cb5a75b7e8fb02971f57524da7a16dfec0d4d575327f/black-24.3.0-cp311-cp311-macosx_10_9_x86_64.whl", hash = "sha256:4f1373a7808a8f135b774039f61d59e4be7eb56b2513d3d2f02a8b9365b8a8a9", size = 1571235, upload-time = "2024-03-15T19:45:27.77Z" },
    { url = "https://files.pythonhosted.org/packages/46/5f/30398c5056cb72f883b32b6520ad00042a9d0454b693f70509867db03a80/black-24.3.0-cp311-cp311-macosx_11_0_arm64.whl", hash = "sha256:aadf7a02d947936ee418777e0247ea114f78aff0d0959461057cae8a04f20597", size = 1414926, upload-time = "2024-03-15T19:43:52.993Z" },
    { url = "https://files.pythonhosted.org/packages/6b/59/498885b279e890f656ea4300a2671c964acb6d97994ea626479c2e5501b4/black-24.3.0-cp311-cp311-manylinux_2_17_x86_64.manylinux2014_x86_64.whl", hash = "sha256:65c02e4ea2ae09d16314d30912a58ada9a5c4fdfedf9512d23326128ac08ac3d", size = 1725920, upload-time = "2024-03-15T19:38:13.052Z" },
    { url = "https://files.pythonhosted.org/packages/8f/b0/4bef40c808cc615187db983b75bacdca1c110a229d41ba9887549fac529c/black-24.3.0-cp311-cp311-win_amd64.whl", hash = "sha256:bf21b7b230718a5f08bd32d5e4f1db7fc8788345c8aea1d155fc17852b3410f5", size = 1372608, upload-time = "2024-03-15T19:39:34.973Z" },
    { url = "https://files.pythonhosted.org/packages/b6/c6/1d174efa9ff02b22d0124c73fc5f4d4fb006d0d9a081aadc354d05754a13/black-24.3.0-cp312-cp312-macosx_10_9_x86_64.whl", hash = "sha256:2818cf72dfd5d289e48f37ccfa08b460bf469e67fb7c4abb07edc2e9f16fb63f", size = 1600822, upload-time = "2024-03-15T19:45:20.337Z" },
    { url = "https://files.pythonhosted.org/packages/d9/ed/704731afffe460b8ff0672623b40fce9fe569f2ee617c15857e4d4440a3a/black-24.3.0-cp312-cp312-macosx_11_0_arm64.whl", hash = "sha256:4acf672def7eb1725f41f38bf6bf425c8237248bb0804faa3965c036f7672d11", size = 1429987, upload-time = "2024-03-15T19:45:00.637Z" },
    { url = "https://files.pythonhosted.org/packages/a8/05/8dd038e30caadab7120176d4bc109b7ca2f4457f12eef746b0560a583458/black-24.3.0-cp312-cp312-manylinux_2_17_x86_64.manylinux2014_x86_64.whl", hash = "sha256:c7ed6668cbbfcd231fa0dc1b137d3e40c04c7f786e626b405c62bcd5db5857e4", size = 1755319, upload-time = "2024-03-15T19:38:24.009Z" },
    { url = "https://files.pythonhosted.org/packages/71/9d/e5fa1ff4ef1940be15a64883c0bb8d2fcf626efec996eab4ae5a8c691d2c/black-24.3.0-cp312-cp312-win_amd64.whl", hash = "sha256:56f52cfbd3dabe2798d76dbdd299faa046a901041faf2cf33288bc4e6dae57b5", size = 1385180, upload-time = "2024-03-15T19:39:37.014Z" },
    { url = "https://files.pythonhosted.org/packages/37/76/1f85c4349d6b3424c7672dbc6c4b39ab89372b575801ffdc23d34b023c6f/black-24.3.0-cp38-cp38-macosx_10_9_x86_64.whl", hash = "sha256:79dcf34b33e38ed1b17434693763301d7ccbd1c5860674a8f871bd15139e7837", size = 1579568, upload-time = "2024-03-15T19:47:26.524Z" },
    { url = "https://files.pythonhosted.org/packages/ba/24/6d82cde63c1340ea55cb74fd697f62b94b6d6fa7069a1aa216475dfd2a30/black-24.3.0-cp38-cp38-macosx_11_0_arm64.whl", hash = "sha256:e19cb1c6365fd6dc38a6eae2dcb691d7d83935c10215aef8e6c38edee3f77abd", size = 1423188, upload-time = "2024-03-15T19:46:18.942Z" },
    { url = "https://files.pythonhosted.org/packages/71/61/48664319cee4f8e22633e075ff101ec6253195b056cb23e0c5f8a5086e87/black-24.3.0-cp38-cp38-manylinux_2_17_x86_64.manylinux2014_x86_64.whl", hash = "sha256:65b76c275e4c1c5ce6e9870911384bff5ca31ab63d19c76811cb1fb162678213", size = 1730623, upload-time = "2024-03-15T19:38:15.895Z" },
    { url = "https://files.pythonhosted.org/packages/3b/95/ed26a160d7a13d6afb3e94448ec079fb4e37bbedeaf408b6b6dbf67d6cd2/black-24.3.0-cp38-cp38-win_amd64.whl", hash = "sha256:b5991d523eee14756f3c8d5df5231550ae8993e2286b8014e2fdea7156ed0959", size = 1370465, upload-time = "2024-03-15T19:39:43.611Z" },
    { url = "https://files.pythonhosted.org/packages/62/f5/78881e9b1c340ccc02d5d4ebe61cfb9140452b3d11272a896b405033511b/black-24.3.0-cp39-cp39-macosx_10_9_x86_64.whl", hash = "sha256:c45f8dff244b3c431b36e3224b6be4a127c6aca780853574c00faf99258041eb", size = 1587504, upload-time = "2024-03-15T19:48:33.932Z" },
    { url = "https://files.pythonhosted.org/packages/17/cc/67ba827fe23b39d55e8408937763b2ad21d904d63ca1c60b47d608ee7fb2/black-24.3.0-cp39-cp39-macosx_11_0_arm64.whl", hash = "sha256:6905238a754ceb7788a73f02b45637d820b2f5478b20fec82ea865e4f5d4d9f7", size = 1434037, upload-time = "2024-03-15T19:47:39.409Z" },
    { url = "https://files.pythonhosted.org/packages/fa/aa/6a2493c7d3506e9b64edbd0782e21637c376da005eecc546904e47b5cdbf/black-24.3.0-cp39-cp39-manylinux_2_17_x86_64.manylinux2014_x86_64.whl", hash = "sha256:d7de8d330763c66663661a1ffd432274a2f92f07feeddd89ffd085b5744f85e7", size = 1745481, upload-time = "2024-03-15T19:38:16.099Z" },
    { url = "https://files.pythonhosted.org/packages/18/68/9e86e73b58819624af6797ffe68dd7d09ed90fa1f9eb8d4d675f8c5e6ab0/black-24.3.0-cp39-cp39-win_amd64.whl", hash = "sha256:7bb041dca0d784697af4646d3b62ba4a6b028276ae878e53f6b4f74ddd6db99f", size = 1363531, upload-time = "2024-03-15T19:39:15.405Z" },
    { url = "https://files.pythonhosted.org/packages/4d/ea/31770a7e49f3eedfd8cd7b35e78b3a3aaad860400f8673994bc988318135/black-24.3.0-py3-none-any.whl", hash = "sha256:41622020d7120e01d377f74249e677039d20e6344ff5851de8a10f11f513bf93", size = 201493, upload-time = "2024-03-15T19:35:41.572Z" },
]

[[package]]
name = "click"
version = "8.1.3"
source = { registry = "https://pypi.org/simple" }
dependencies = [
    { name = "colorama", marker = "sys_platform == 'win32'" },
]
sdist = { url = "https://files.pythonhosted.org/packages/59/87/84326af34517fca8c58418d148f2403df25303e02736832403587318e9e8/click-8.1.3.tar.gz", hash = "sha256:7682dc8afb30297001674575ea00d1814d808d6a36af415a82bd481d37ba7b8e", size = 331147, upload-time = "2022-04-28T17:36:09.097Z" }
wheels = [
    { url = "https://files.pythonhosted.org/packages/c2/f1/df59e28c642d583f7dacffb1e0965d0e00b218e0186d7858ac5233dce840/click-8.1.3-py3-none-any.whl", hash = "sha256:bb4d8133cb15a609f44e8213d9b391b0809795062913b383c62be0ee95b1db48", size = 96588, upload-time = "2022-04-28T17:36:06.952Z" },
]

[[package]]
name = "colorama"
version = "0.4.6"
source = { registry = "https://pypi.org/simple" }
sdist = { url = "https://files.pythonhosted.org/packages/d8/53/6f443c9a4a8358a93a6792e2acffb9d9d5cb0a5cfd8802644b7b1c9a02e4/colorama-0.4.6.tar.gz", hash = "sha256:08695f5cb7ed6e0531a20572697297273c47b8cae5a63ffc6d6ed5c201be6e44", size = 27697, upload-time = "2022-10-25T02:36:22.414Z" }
wheels = [
    { url = "https://files.pythonhosted.org/packages/d1/d6/3965ed04c63042e047cb6a3e6ed1a63a35087b6a609aa3a15ed8ac56c221/colorama-0.4.6-py2.py3-none-any.whl", hash = "sha256:4f1d9991f5acc0ca119f9d443620b77f9d6b33703e51011c16baf57afb285fc6", size = 25335, upload-time = "2022-10-25T02:36:20.889Z" },
]

[[package]]
name = "flake8"
version = "5.0.4"
source = { registry = "https://pypi.org/simple" }
dependencies = [
    { name = "mccabe" },
    { name = "pycodestyle" },
    { name = "pyflakes" },
]
sdist = { url = "https://files.pythonhosted.org/packages/ad/00/9808c62b2d529cefc69ce4e4a1ea42c0f855effa55817b7327ec5b75e60a/flake8-5.0.4.tar.gz", hash = "sha256:6fbe320aad8d6b95cec8b8e47bc933004678dc63095be98528b7bdd2a9f510db", size = 145862, upload-time = "2022-08-03T23:21:27.108Z" }
wheels = [
    { url = "https://files.pythonhosted.org/packages/cf/a0/b881b63a17a59d9d07f5c0cc91a29182c8e8a9aa2bde5b3b2b16519c02f4/flake8-5.0.4-py2.py3-none-any.whl", hash = "sha256:7a1cf6b73744f5806ab95e526f6f0d8c01c66d7bbe349562d22dfca20610b248", size = 61897, upload-time = "2022-08-03T23:21:25.027Z" },
]

[[package]]
name = "git-fzf"
version = "0.0.2"
source = { editable = "." }
dependencies = [
    { name = "pyfzf" },
]

[package.dev-dependencies]
dev = [
    { name = "black" },
    { name = "flake8" },
    { name = "isort" },
    { name = "pyclean" },
]

[package.metadata]
requires-dist = [{ name = "pyfzf", specifier = "==0.2.2" }]

[package.metadata.requires-dev]
dev = [
    { name = "black", specifier = ">=24.3.0,<25" },
    { name = "flake8", specifier = ">=5.0.4,<6" },
    { name = "isort", specifier = ">=5.10.1,<6" },
    { name = "pyclean", specifier = ">=2.2.0,<3" },
]

[[package]]
name = "isort"
version = "5.10.1"
source = { registry = "https://pypi.org/simple" }
sdist = { url = "https://files.pythonhosted.org/packages/ab/e9/964cb0b2eedd80c92f5172f1f8ae0443781a9d461c1372a3ce5762489593/isort-5.10.1.tar.gz", hash = "sha256:e8443a5e7a020e9d7f97f1d7d9cd17c88bcb3bc7e218bf9cf5095fe550be2951", size = 174062, upload-time = "2021-11-09T05:42:46.759Z" }
wheels = [
    { url = "https://files.pythonhosted.org/packages/b8/5b/f18e227df38b94b4ee30d2502fd531bebac23946a2497e5595067a561274/isort-5.10.1-py3-none-any.whl", hash = "sha256:6f62d78e2f89b4500b080fe3a81690850cd254227f27f75c3a0c491a1f351ba7", size = 103430, upload-time = "2021-11-09T05:42:44.651Z" },
]

[[package]]
name = "mccabe"
version = "0.7.0"
source = { registry = "https://pypi.org/simple" }
sdist = { url = "https://files.pythonhosted.org/packages/e7/ff/0ffefdcac38932a54d2b5eed4e0ba8a408f215002cd178ad1df0f2806ff8/mccabe-0.7.0.tar.gz", hash = "sha256:348e0240c33b60bbdf4e523192ef919f28cb2c3d7d5c7794f74009290f236325", size = 9658, upload-time = "2022-01-24T01:14:51.113Z" }
wheels = [
    { url = "https://files.pythonhosted.org/packages/27/1a/1f68f9ba0c207934b35b86a8ca3aad8395a3d6dd7921c0686e23853ff5a9/mccabe-0.7.0-py2.py3-none-any.whl", hash = "sha256:6c2d30ab6be0e4a46919781807b4f0d834ebdd6c6e3dca0bda5a15f863427b6e", size = 7350, upload-time = "2022-01-24T01:14:49.62Z" },
]

[[package]]
name = "mypy-extensions"
version = "0.4.3"
source = { registry = "https://pypi.org/simple" }
sdist = { url = "https://files.pythonhosted.org/packages/63/60/0582ce2eaced55f65a4406fc97beba256de4b7a95a0034c6576458c6519f/mypy_extensions-0.4.3.tar.gz", hash = "sha256:2d82818f5bb3e369420cb3c4060a7970edba416647068eb4c5343488a6c604a8", size = 4252, upload-time = "2019-10-17T22:38:58.685Z" }
wheels = [
    { url = "https://files.pythonhosted.org/packages/5c/eb/975c7c080f3223a5cdaff09612f3a5221e4ba534f7039db34c35d95fa6a5/mypy_extensions-0.4.3-py2.py3-none-any.whl", hash = "sha256:090fedd75945a69ae91ce1303b5824f428daf5a028d2f6ab8a299250a846f15d", size = 4470, upload-time = "2019-10-17T22:38:56.922Z" },
]

[[package]]
name = "packaging"
version = "24.0"
source = { registry = "https://pypi.org/simple" }
sdist = { url = "https://files.pythonhosted.org/packages/ee/b5/b43a27ac7472e1818c4bafd44430e69605baefe1f34440593e0332ec8b4d/packaging-24.0.tar.gz", hash = "sha256:eb82c5e3e56209074766e6885bb04b8c38a0c015d0a30036ebe7ece34c9989e9", size = 147882, upload-time = "2024-03-10T09:39:28.33Z" }
wheels = [
    { url = "https://files.pythonhosted.org/packages/49/df/1fceb2f8900f8639e278b056416d49134fb8d84c5942ffaa01ad34782422/packaging-24.0-py3-none-any.whl", hash = "sha256:2ddfb553fdf02fb784c234c7ba6ccc288296ceabec964ad2eae3777778130bc5", size = 53488, upload-time = "2024-03-10T09:39:25.947Z" },
]

[[package]]
name = "pathspec"
version = "0.10.2"
source = { registry = "https://pypi.org/simple" }
sdist = { url = "https://files.pythonhosted.org/packages/a2/29/959c72e1a6c3c25eaa46b9bfcc7fd401f65af83163d4796af09272c83c8a/pathspec-0.10.2.tar.gz", hash = "sha256:8f6bf73e5758fd365ef5d58ce09ac7c27d2833a8d7da51712eac6e27e35141b0", size = 44432, upload-time = "2022-11-13T03:34:44.852Z" }
wheels = [
    { url = "https://files.pythonhosted.org/packages/42/79/94b21d5fabb97749ca94590315abe150a750483c87add8543781bcb6cd26/pathspec-0.10.2-py3-none-any.whl", hash = "sha256:88c2606f2c1e818b978540f73ecc908e13999c6c3a383daf3705652ae79807a5", size = 28262, upload-time = "2022-11-13T03:34:43.048Z" },
]

[[package]]
name = "platformdirs"
version = "2.5.4"
source = { registry = "https://pypi.org/simple" }
sdist = { url = "https://files.pythonhosted.org/packages/cb/5f/dda8451435f17ed8043eab5ffe04e47d703debe8fe845eb074f42260e50a/platformdirs-2.5.4.tar.gz", hash = "sha256:1006647646d80f16130f052404c6b901e80ee4ed6bef6792e1f238a8969106f7", size = 20843, upload-time = "2022-11-13T01:42:04.974Z" }
wheels = [
    { url = "https://files.pythonhosted.org/packages/61/e0/15ba41c6716acb033c3793be3a02f26c53914ecd9bdd6b315001f8f5f581/platformdirs-2.5.4-py3-none-any.whl", hash = "sha256:af0276409f9a02373d540bf8480021a048711d572745aef4b7842dad245eba10", size = 14264, upload-time = "2022-11-13T01:42:02.985Z" },
]

[[package]]
name = "plumbum"
version = "1.8.0"
source = { registry = "https://pypi.org/simple" }
dependencies = [
    { name = "pywin32", marker = "platform_python_implementation != 'PyPy' and sys_platform == 'win32'" },
]
sdist = { url = "https://files.pythonhosted.org/packages/5f/c9/67b40a607f9815275c7867f9ec60700f442c186d3cca235156cb4fa19c33/plumbum-1.8.0.tar.gz", hash = "sha256:f1da1f167a2afe731a85de3f56810f424926c0a1a8fd1999ceb2ef20b618246d", size = 325060, upload-time = "2022-10-06T02:46:26.549Z" }
wheels = [
    { url = "https://files.pythonhosted.org/packages/ac/3d/5df7a2764b5861d9edc723426e50cf8611b21cf9e487ba12b9f74e9a9f27/plumbum-1.8.0-py3-none-any.whl", hash = "sha256:0f6b59c8a03bfcdddd1efc04a126062663348e892ce7ddef49ec60e47b9e2c09", size = 117515, upload-time = "2022-10-06T02:46:24.888Z" },
]

[[package]]
name = "pyclean"
version = "2.2.0"
source = { registry = "https://pypi.org/simple" }
sdist = { url = "https://files.pythonhosted.org/packages/2c/b4/f51277bcfc25e8ba03ab9690cd49db9c1c73dad9ce5345c89f3dee87221d/pyclean-2.2.0.tar.gz", hash = "sha256:48f1801804fa2f04f2c64348da8bd61797fc9722e1120c470d5cc67a205843c7", size = 27663, upload-time = "2022-03-24T23:24:07.118Z" }
wheels = [
    { url = "https://files.pythonhosted.org/packages/de/2e/146ee91737604b110d07fc6d36bc7bf71cc76ac2f378d540e83c60fa5725/pyclean-2.2.0-py3-none-any.whl", hash = "sha256:5f99597b76249b71b86d8e9aff1e69dfdc0b1976d14ce366e07b28dc6f7a8ee6", size = 26285, upload-time = "2022-03-24T23:24:05.59Z" },
]

[[package]]
name = "pycodestyle"
version = "2.9.1"
source = { registry = "https://pypi.org/simple" }
sdist = { url = "https://files.pythonhosted.org/packages/b6/83/5bcaedba1f47200f0665ceb07bcb00e2be123192742ee0edfb66b600e5fd/pycodestyle-2.9.1.tar.gz", hash = "sha256:2c9607871d58c76354b697b42f5d57e1ada7d261c261efac224b664affdc5785", size = 102127, upload-time = "2022-08-03T23:13:29.715Z" }
wheels = [
    { url = "https://files.pythonhosted.org/packages/67/e4/fc77f1039c34b3612c4867b69cbb2b8a4e569720b1f19b0637002ee03aff/pycodestyle-2.9.1-py2.py3-none-any.whl", hash = "sha256:d1735fc58b418fd7c5f658d28d943854f8a849b01a5d0a1e6f3f3fdd0166804b", size = 41493, upload-time = "2022-08-03T23:13:27.416Z" },
]

[[package]]
name = "pyflakes"
version = "2.5.0"
source = { registry = "https://pypi.org/simple" }
sdist = { url = "https://files.pythonhosted.org/packages/07/92/f0cb5381f752e89a598dd2850941e7f570ac3cb8ea4a344854de486db152/pyflakes-2.5.0.tar.gz", hash = "sha256:491feb020dca48ccc562a8c0cbe8df07ee13078df59813b83959cbdada312ea3", size = 66388, upload-time = "2022-07-30T17:29:05.816Z" }
wheels = [
    { url = "https://files.pythonhosted.org/packages/dc/13/63178f59f74e53acc2165aee4b002619a3cfa7eeaeac989a9eb41edf364e/pyflakes-2.5.0-py2.py3-none-any.whl", hash = "sha256:4579f67d887f804e67edb544428f264b7b24f435b263c4614f384135cea553d2", size = 66116, upload-time = "2022-07-30T17:29:04.179Z" },
]

[[package]]
name = "pyfzf"
version = "0.2.2"
source = { registry = "https://pypi.org/simple" }
dependencies = [
    { name = "plumbum" },
]
sdist = { url = "https://files.pythonhosted.org/packages/c4/67/2d55a0f2f416a124c7dfaa681f3d218f75659106f5fec98bd94a1fd62e19/pyfzf-0.2.2.tar.gz", hash = "sha256:8a35234fd6b3d6abca2b9971c5b27e157cfd878ee3ee9f707ddf6373438ad541", size = 3701, upload-time = "2020-08-29T01:34:19.237Z" }
wheels = [
    { url = "https://files.pythonhosted.org/packages/f6/f5/13f816f2916d6d377eeec57cdf49cd9bb0279c8021f8761b9ae7b47df076/pyfzf-0.2.2-py3-none-any.whl", hash = "sha256:1f324717fcae6746c05094be09b36f45412f0965b2d718c8d2352877ae20df69", size = 4249, upload-time = "2020-08-29T01:34:18.287Z" },
]

[[package]]
name = "pywin32"
version = "305"
source = { registry = "https://pypi.org/simple" }
wheels = [
    { url = "https://files.pythonhosted.org/packages/65/e4/76dab43949fc3ba9aee8dc0635b299ad09df7813e81aa4adc88e27f463fe/pywin32-305-cp310-cp310-win32.whl", hash = "sha256:421f6cd86e84bbb696d54563c48014b12a23ef95a14e0bdba526be756d89f116", size = 10990975, upload-time = "2022-11-06T07:15:00.765Z" },
    { url = "https://files.pythonhosted.org/packages/02/80/23fdb88f8a398dff615f10100cf54871fd8518e3eeea72c1a7d46af01bf9/pywin32-305-cp310-cp310-win_amd64.whl", hash = "sha256:73e819c6bed89f44ff1d690498c0a811948f73777e5f97c494c152b850fad478", size = 12136144, upload-time = "2022-11-06T07:15:10.731Z" },
    { url = "https://files.pythonhosted.org/packages/05/19/e1f2d772c5437f37c7dbe88be56939de53f040674b6accf2c0369674873d/pywin32-305-cp310-cp310-win_arm64.whl", hash = "sha256:742eb905ce2187133a29365b428e6c3b9001d79accdc30aa8969afba1d8470f4", size = 11199128, upload-time = "2022-11-06T07:15:18.857Z" },
    { url = "https://files.pythonhosted.org/packages/66/e8/0078d6042bf5bce7e2518b32cf1a0c1399a64f91fc280bb1cfda69fcdb35/pywin32-305-cp311-cp311-win32.whl", hash = "sha256:19ca459cd2e66c0e2cc9a09d589f71d827f26d47fe4a9d09175f6aa0256b51c2", size = 10992077, upload-time = "2022-11-06T07:15:26.936Z" },
    { url = "https://files.pythonhosted.org/packages/22/da/344b3df042f42d9d775ae2030276b2992adab519c6d682393ddf356775f3/pywin32-305-cp311-cp311-win_amd64.whl", hash = "sha256:326f42ab4cfff56e77e3e595aeaf6c216712bbdd91e464d167c6434b28d65990", size = 12137015, upload-time = "2022-11-06T07:15:36.266Z" },
    { url = "https://files.pythonhosted.org/packages/a2/df/cb14fa23ef0782e62df7b33ea2b926150de3b1d71d2713f434582f8a0024/pywin32-305-cp311-cp311-win_arm64.whl", hash = "sha256:4ecd404b2c6eceaca52f8b2e3e91b2187850a1ad3f8b746d0796a98b4cea04db", size = 11198967, upload-time = "2022-11-06T07:15:44.608Z" },
    { url = "https://files.pythonhosted.org/packages/e3/c9/3ab2df149dc0e0b0ece0513e1650c7e7f26b61b05851853864aa95ff42b9/pywin32-305-cp38-cp38-win32.whl", hash = "sha256:9dd98384da775afa009bc04863426cb30596fd78c6f8e4e2e5bbf4edf8029504", size = 11085062, upload-time = "2022-11-06T07:16:26.79Z" },
    { url = "https://files.pythonhosted.org/packages/6d/37/fb50f89e6f8a420f0f02adbb81cd85de6fd8a4d4c842b721b08bcd533987/pywin32-305-cp38-cp38-win_amd64.whl", hash = "sha256:56d7a9c6e1a6835f521788f53b5af7912090674bb84ef5611663ee1595860fc7", size = 12257934, upload-time = "2022-11-06T07:16:35.738Z" },
    { url = "https://files.pythonhosted.org/packages/1e/28/89edde08f43d3c795a7a950368cb3c811f10ae7cc9f1b862f468c3697e8a/pywin32-305-cp39-cp39-win32.whl", hash = "sha256:9d968c677ac4d5cbdaa62fd3014ab241718e619d8e36ef8e11fb930515a1e918", size = 11023030, upload-time = "2022-11-06T07:16:43.957Z" },
    { url = "https://files.pythonhosted.org/packages/2f/02/b7ffa4a3f6b7ddf8f08926fc9312856443ec446259d095ae80bbf5d06add/pywin32-305-cp39-cp39-win_amd64.whl", hash = "sha256:50768c6b7c3f0b38b7fb14dd4104da93ebced5f1a50dc0e834594bff6fbe1271", size = 12194248, upload-time = "2022-11-06T07:16:52.56Z" },
]

[[package]]
name = "tomli"
version = "2.0.1"
source = { registry = "https://pypi.org/simple" }
sdist = { url = "https://files.pythonhosted.org/packages/c0/3f/d7af728f075fb08564c5949a9c95e44352e23dee646869fa104a3b2060a3/tomli-2.0.1.tar.gz", hash = "sha256:de526c12914f0c550d15924c62d72abc48d6fe7364aa87328337a31007fe8a4f", size = 15164, upload-time = "2022-02-08T10:54:04.006Z" }
wheels = [
    { url = "https://files.pythonhosted.org/packages/97/75/10a9ebee3fd790d20926a90a2547f0bf78f371b2f13aa822c759680ca7b9/tomli-2.0.1-py3-none-any.whl", hash = "sha256:939de3e7a6161af0c887ef91b7d41a53e7c5a1ca976325f429cb46ea9bc30ecc", size = 12757, upload-time = "2022-02-08T10:54:02.017Z" },
]

[[package]]
name = "typing-extensions"
version = "4.10.0"
source = { registry = "https://pypi.org/simple" }
sdist = { url = "https://files.pythonhosted.org/packages/16/3a/0d26ce356c7465a19c9ea8814b960f8a36c3b0d07c323176620b7b483e44/typing_extensions-4.10.0.tar.gz", hash = "sha256:b0abd7c89e8fb96f98db18d86106ff1d90ab692004eb746cf6eda2682f91b3cb", size = 77558, upload-time = "2024-02-25T22:12:49.693Z" }
wheels = [
    { url = "https://files.pythonhosted.org/packages/f9/de/dc04a3ea60b22624b51c703a84bbe0184abcd1d0b9bc8074b5d6b7ab90bb/typing_extensions-4.10.0-py3-none-any.whl", hash = "sha256:69b1a937c3a517342112fb4c6df7e72fc39a38e7891a5730ed4985b5214b5475", size = 33926, upload-time = "2024-02-25T22:12:47.72Z" },
]
